
Microsoft Visual Studio Solution File, Format Version 12.00
# Visual Studio Version 17
VisualStudioVersion = 17.11.35222.181
MinimumVisualStudioVersion = 10.0.40219.1
Project("{FAE04EC0-301F-11D3-BF4B-00C04F79EFBC}") = "Web", "Web\Web.csproj", "{6666E282-49C0-45D7-9818-BD45242D47D2}"
EndProject
Project("{FAE04EC0-301F-11D3-BF4B-00C04F79EFBC}") = "Domain", "Domain\Domain.csproj", "{A9700CC0-0F63-429B-A89C-AEFF460F8C0E}"
EndProject
Project("{FAE04EC0-301F-11D3-BF4B-00C04F79EFBC}") = "Infrastructure", "Infrastructure\Infrastructure.csproj", "{CAAB9022-48F5-4383-B9AB-0308E21853B6}"
EndProject
Project("{FAE04EC0-301F-11D3-BF4B-00C04F79EFBC}") = "Application", "Application\Application.csproj", "{16A2E68B-FB2F-4A98-A2CD-759BBA8583B7}"
EndProject
Global
	GlobalSection(SolutionConfigurationPlatforms) = preSolution
		Debug|Any CPU = Debug|Any CPU
		Release|Any CPU = Release|Any CPU
	EndGlobalSection
	GlobalSection(ProjectConfigurationPlatforms) = postSolution
		{6666E282-49C0-45D7-9818-BD45242D47D2}.Debug|Any CPU.ActiveCfg = Debug|Any CPU
		{6666E282-49C0-45D7-9818-BD45242D47D2}.Debug|Any CPU.Build.0 = Debug|Any CPU
		{6666E282-49C0-45D7-9818-BD45242D47D2}.Release|Any CPU.ActiveCfg = Release|Any CPU
		{6666E282-49C0-45D7-9818-BD45242D47D2}.Release|Any CPU.Build.0 = Release|Any CPU
		{A9700CC0-0F63-429B-A89C-AEFF460F8C0E}.Debug|Any CPU.ActiveCfg = Debug|Any CPU
		{A9700CC0-0F63-429B-A89C-AEFF460F8C0E}.Debug|Any CPU.Build.0 = Debug|Any CPU
		{A9700CC0-0F63-429B-A89C-AEFF460F8C0E}.Release|Any CPU.ActiveCfg = Release|Any CPU
		{A9700CC0-0F63-429B-A89C-AEFF460F8C0E}.Release|Any CPU.Build.0 = Release|Any CPU
		{CAAB9022-48F5-4383-B9AB-0308E21853B6}.Debug|Any CPU.ActiveCfg = Debug|Any CPU
		{CAAB9022-48F5-4383-B9AB-0308E21853B6}.Debug|Any CPU.Build.0 = Debug|Any CPU
		{CAAB9022-48F5-4383-B9AB-0308E21853B6}.Release|Any CPU.ActiveCfg = Release|Any CPU
		{CAAB9022-48F5-4383-B9AB-0308E21853B6}.Release|Any CPU.Build.0 = Release|Any CPU
		{16A2E68B-FB2F-4A98-A2CD-759BBA8583B7}.Debug|Any CPU.ActiveCfg = Debug|Any CPU
		{16A2E68B-FB2F-4A98-A2CD-759BBA8583B7}.Debug|Any CPU.Build.0 = Debug|Any CPU
		{16A2E68B-FB2F-4A98-A2CD-759BBA8583B7}.Release|Any CPU.ActiveCfg = Release|Any CPU
		{16A2E68B-FB2F-4A98-A2CD-759BBA8583B7}.Release|Any CPU.Build.0 = Release|Any CPU
	EndGlobalSection
	GlobalSection(SolutionProperties) = preSolution
		HideSolutionNode = FALSE
	EndGlobalSection
	GlobalSection(ExtensibilityGlobals) = postSolution
		SolutionGuid = {B5E184C7-197D-439E-9252-5249BF1384AA}
	EndGlobalSection
EndGlobal
